
Microsoft Visual Studio Solution File, Format Version 12.00
# Visual Studio Version 17
VisualStudioVersion = 17.11.35312.102
MinimumVisualStudioVersion = 10.0.40219.1
Project("{FAE04EC0-301F-11D3-BF4B-00C04F79EFBC}") = "01HelloWorld", "HelloWorld\01HelloWorld.csproj", "{68822367-6330-B131-7248-483157E65B2E}"
EndProject
Project("{FAE04EC0-301F-11D3-BF4B-00C04F79EFBC}") = "03StringVariable", "StringVariable\03StringVariable.csproj", "{32050931-E31B-4D0E-756F-9E96C5EB2319}"
EndProject
Project("{FAE04EC0-301F-11D3-BF4B-00C04F79EFBC}") = "06NameAgeAlivePhnNo-HomwWork", "NameAgeAlivePhnNo-HomwWork\06NameAgeAlivePhnNo-HomwWork.csproj", "{73C371C9-6EC5-7CDE-6E4C-D0B94E1F01E9}"
EndProject
Project("{FAE04EC0-301F-11D3-BF4B-00C04F79EFBC}") = "04Int-Double-DecimalVariable", "IntVariable\04Int-Double-DecimalVariable.csproj", "{D4398EF2-4ABF-3AA8-45F3-E20571CADF20}"
EndProject
Project("{FAE04EC0-301F-11D3-BF4B-00C04F79EFBC}") = "02GreetingApp", "GreetingApp\02GreetingApp.csproj", "{D108E9C0-B3A9-8491-5772-96778F36BECF}"
EndProject
Project("{FAE04EC0-301F-11D3-BF4B-00C04F79EFBC}") = "07DateTimeVariable", "DateTimeVariable\07DateTimeVariable.csproj", "{1A6A8E1A-9B29-A6EA-82B1-809332457AA0}"
EndProject
Project("{FAE04EC0-301F-11D3-BF4B-00C04F79EFBC}") = "05Bool-NullVariable", "Bool-NullVariable\05Bool-NullVariable.csproj", "{3D10166B-A714-D0BC-8BAE-929347D1E935}"
EndProject
Project("{FAE04EC0-301F-11D3-BF4B-00C04F79EFBC}") = "10HomeWork", "10HomeWork\10HomeWork.csproj", "{6C4A69F0-E43A-5F68-B178-256B4612774A}"
EndProject
Project("{FAE04EC0-301F-11D3-BF4B-00C04F79EFBC}") = "09TypeConversions", "9TypeConversions\09TypeConversions.csproj", "{F4462BAF-9ED1-A96B-EEDD-FE1D23B93C2E}"
EndProject
Project("{FAE04EC0-301F-11D3-BF4B-00C04F79EFBC}") = "08DateOnly-TimeOnly-Variable", "8DateOnly-TimeOnly-Variable\08DateOnly-TimeOnly-Variable.csproj", "{0EEFB565-3C96-6C50-D1C5-6BE96D87531B}"
EndProject
Project("{FAE04EC0-301F-11D3-BF4B-00C04F79EFBC}") = "11Conditionals", "11Conditionals\11Conditionals.csproj", "{300B9943-CEB1-4A8C-A702-E8CE80A354B9}"
EndProject
Project("{FAE04EC0-301F-11D3-BF4B-00C04F79EFBC}") = "12Switch", "12Switch\12Switch.csproj", "{847E774F-DF5B-4138-9A52-1D164A9FD801}"
EndProject
Project("{FAE04EC0-301F-11D3-BF4B-00C04F79EFBC}") = "13Homework", "13Homework\13Homework.csproj", "{E455C6EB-21BA-4597-A23D-2DBBCAE9C610}"
EndProject
Project("{FAE04EC0-301F-11D3-BF4B-00C04F79EFBC}") = "14MiniProject", "14MiniProject\14MiniProject.csproj", "{40987160-DF0B-4342-8AC8-93E0CB1F096A}"
EndProject
Project("{FAE04EC0-301F-11D3-BF4B-00C04F79EFBC}") = "15Do-While Loop", "14 Do-While Loop\15Do-While Loop.csproj", "{42894D1D-7DFC-4DC9-A5D8-BF4513769E49}"
EndProject
Project("{FAE04EC0-301F-11D3-BF4B-00C04F79EFBC}") = "16Homework", "16Homework\16Homework.csproj", "{B12A4237-D7CC-4FAD-85C8-E125ACC22446}"
EndProject
Project("{FAE04EC0-301F-11D3-BF4B-00C04F79EFBC}") = "17Arrays", "17Arrays\17Arrays.csproj", "{0D240922-A85E-4178-8162-2291811D10DF}"
EndProject
Project("{FAE04EC0-301F-11D3-BF4B-00C04F79EFBC}") = "18Homework", "18Homework\18Homework.csproj", "{761E148E-C856-4EE7-BE87-21A5016E24F3}"
EndProject
Project("{FAE04EC0-301F-11D3-BF4B-00C04F79EFBC}") = "19Lists", "19Lists\19Lists.csproj", "{DB5B4D4C-B403-4EAC-8322-52FCF6F810D4}"
EndProject
Project("{FAE04EC0-301F-11D3-BF4B-00C04F79EFBC}") = "20Homework", "20Homework\20Homework.csproj", "{180774D0-BD60-4AD3-921C-17E32D7F6D96}"
EndProject
Project("{FAE04EC0-301F-11D3-BF4B-00C04F79EFBC}") = "21Dictionary", "21Dictionary\21Dictionary.csproj", "{947740FE-CC2D-438D-A06F-CDDA9D7B0C99}"
EndProject
Project("{FAE04EC0-301F-11D3-BF4B-00C04F79EFBC}") = "21ForLoop", "21ForLoop\21ForLoop.csproj", "{A20EF323-25A0-44B3-9EEF-CD626680D483}"
EndProject
Project("{FAE04EC0-301F-11D3-BF4B-00C04F79EFBC}") = "22Homework", "22Homework\22Homework.csproj", "{FF2DB647-E220-4874-97DD-0A8E9BECC82D}"
EndProject
Project("{FAE04EC0-301F-11D3-BF4B-00C04F79EFBC}") = "23ForEach-with-Homework", "22ForEach-with-Homework\23ForEach-with-Homework.csproj", "{8910A1F5-B171-4FA1-9A88-824466E151FC}"
EndProject
Project("{FAE04EC0-301F-11D3-BF4B-00C04F79EFBC}") = "24Methods", "24Methods\24Methods.csproj", "{B6234999-7E9A-4E29-A10A-D79950CCC848}"
EndProject
Project("{FAE04EC0-301F-11D3-BF4B-00C04F79EFBC}") = "25Homework", "24Homework\25Homework.csproj", "{153007E4-5ECD-4F84-B2C0-E2CDBCDF1109}"
EndProject
Project("{FAE04EC0-301F-11D3-BF4B-00C04F79EFBC}") = "26MiniProject2(guestbook)", "26MiniProject2\26MiniProject2(guestbook).csproj", "{23BEB4A7-5D4E-4DE3-9610-FEA00EDE0456}"
EndProject
Project("{FAE04EC0-301F-11D3-BF4B-00C04F79EFBC}") = "27Debugging&Homeworks", "27Debugging&Homeworks\27Debugging&Homeworks.csproj", "{0E7D321B-867D-4DFF-B1D2-688A826290DF}"
EndProject
Project("{FAE04EC0-301F-11D3-BF4B-00C04F79EFBC}") = "28Homework", "28Homework\28Homework.csproj", "{6718B962-C2CB-453B-9072-27AFC62B8D33}"
EndProject
Project("{FAE04EC0-301F-11D3-BF4B-00C04F79EFBC}") = "29StaticClass", "29StaticClass\29StaticClass.csproj", "{BC22E948-234D-42B1-9FE0-F021CFD3F208}"
EndProject
Project("{FAE04EC0-301F-11D3-BF4B-00C04F79EFBC}") = "30InstantiatedClasses", "30InstantiatedClasses\30InstantiatedClasses.csproj", "{A9A99F9A-1F63-4292-A1AA-8E53C94397FA}"
EndProject
Project("{FAE04EC0-301F-11D3-BF4B-00C04F79EFBC}") = "31HomeWork", "31HomeWork\31HomeWork.csproj", "{98A88612-2B08-41F4-96EF-28559EA4FCFC}"
EndProject
Project("{FAE04EC0-301F-11D3-BF4B-00C04F79EFBC}") = "32PropertyTypes-HomeWork", "32HomeWork\32PropertyTypes-HomeWork.csproj", "{DE847B6B-DD20-4BAD-8D70-36C67D7F5AD7}"
EndProject
Project("{FAE04EC0-301F-11D3-BF4B-00C04F79EFBC}") = "33CosoleUI(for class lib.)", "33CosoleUI(for class lib.)\33CosoleUI(for class lib.).csproj", "{2D8740BE-1167-4ECD-B1E3-4B6A7A687E32}"
EndProject
Project("{FAE04EC0-301F-11D3-BF4B-00C04F79EFBC}") = "33.1Demo-ClassLibrary", "34Demo-ClassLibrary\33.1Demo-ClassLibrary.csproj", "{30DE7845-3FFD-414D-B3CF-AD26EF6EAE07}"
EndProject
Project("{FAE04EC0-301F-11D3-BF4B-00C04F79EFBC}") = "34MiniProject(GuestBook)", "34MiniProject(GuestBook)\34MiniProject(GuestBook).csproj", "{8B43F11A-4AC0-4611-972D-E39D1E0D0DD3}"
EndProject
Project("{FAE04EC0-301F-11D3-BF4B-00C04F79EFBC}") = "34.1GuestBook", "34.1GuestBook\34.1GuestBook.csproj", "{C40A3D6D-90AC-40D1-BA45-49B8E969C4AE}"
EndProject
Project("{FAE04EC0-301F-11D3-BF4B-00C04F79EFBC}") = "35.0-BattleshipLibrary", "35.0-BattleshipLibrary\35.0-BattleshipLibrary.csproj", "{A9E1284F-DBFE-4599-8206-6A850764A904}"
EndProject
Project("{FAE04EC0-301F-11D3-BF4B-00C04F79EFBC}") = "35.1-BattleShipGame", "35.1-BattleShipGame\35.1-BattleShipGame.csproj", "{9080C12A-33C0-4F82-A369-1FD1C39BFA5C}"
EndProject
Project("{FAE04EC0-301F-11D3-BF4B-00C04F79EFBC}") = "36Inheritance", "36Inheritance\36Inheritance.csproj", "{488D0610-EAF9-44B7-96B8-E7BBDF73D541}"
EndProject
Global
	GlobalSection(SolutionConfigurationPlatforms) = preSolution
		Debug|Any CPU = Debug|Any CPU
		Release|Any CPU = Release|Any CPU
	EndGlobalSection
	GlobalSection(ProjectConfigurationPlatforms) = postSolution
		{68822367-6330-B131-7248-483157E65B2E}.Debug|Any CPU.ActiveCfg = Debug|Any CPU
		{68822367-6330-B131-7248-483157E65B2E}.Debug|Any CPU.Build.0 = Debug|Any CPU
		{68822367-6330-B131-7248-483157E65B2E}.Release|Any CPU.ActiveCfg = Release|Any CPU
		{68822367-6330-B131-7248-483157E65B2E}.Release|Any CPU.Build.0 = Release|Any CPU
		{32050931-E31B-4D0E-756F-9E96C5EB2319}.Debug|Any CPU.ActiveCfg = Debug|Any CPU
		{32050931-E31B-4D0E-756F-9E96C5EB2319}.Debug|Any CPU.Build.0 = Debug|Any CPU
		{32050931-E31B-4D0E-756F-9E96C5EB2319}.Release|Any CPU.ActiveCfg = Release|Any CPU
		{32050931-E31B-4D0E-756F-9E96C5EB2319}.Release|Any CPU.Build.0 = Release|Any CPU
		{73C371C9-6EC5-7CDE-6E4C-D0B94E1F01E9}.Debug|Any CPU.ActiveCfg = Debug|Any CPU
		{73C371C9-6EC5-7CDE-6E4C-D0B94E1F01E9}.Debug|Any CPU.Build.0 = Debug|Any CPU
		{73C371C9-6EC5-7CDE-6E4C-D0B94E1F01E9}.Release|Any CPU.ActiveCfg = Release|Any CPU
		{73C371C9-6EC5-7CDE-6E4C-D0B94E1F01E9}.Release|Any CPU.Build.0 = Release|Any CPU
		{D4398EF2-4ABF-3AA8-45F3-E20571CADF20}.Debug|Any CPU.ActiveCfg = Debug|Any CPU
		{D4398EF2-4ABF-3AA8-45F3-E20571CADF20}.Debug|Any CPU.Build.0 = Debug|Any CPU
		{D4398EF2-4ABF-3AA8-45F3-E20571CADF20}.Release|Any CPU.ActiveCfg = Release|Any CPU
		{D4398EF2-4ABF-3AA8-45F3-E20571CADF20}.Release|Any CPU.Build.0 = Release|Any CPU
		{D108E9C0-B3A9-8491-5772-96778F36BECF}.Debug|Any CPU.ActiveCfg = Debug|Any CPU
		{D108E9C0-B3A9-8491-5772-96778F36BECF}.Debug|Any CPU.Build.0 = Debug|Any CPU
		{D108E9C0-B3A9-8491-5772-96778F36BECF}.Release|Any CPU.ActiveCfg = Release|Any CPU
		{D108E9C0-B3A9-8491-5772-96778F36BECF}.Release|Any CPU.Build.0 = Release|Any CPU
		{1A6A8E1A-9B29-A6EA-82B1-809332457AA0}.Debug|Any CPU.ActiveCfg = Debug|Any CPU
		{1A6A8E1A-9B29-A6EA-82B1-809332457AA0}.Debug|Any CPU.Build.0 = Debug|Any CPU
		{1A6A8E1A-9B29-A6EA-82B1-809332457AA0}.Release|Any CPU.ActiveCfg = Release|Any CPU
		{1A6A8E1A-9B29-A6EA-82B1-809332457AA0}.Release|Any CPU.Build.0 = Release|Any CPU
		{3D10166B-A714-D0BC-8BAE-929347D1E935}.Debug|Any CPU.ActiveCfg = Debug|Any CPU
		{3D10166B-A714-D0BC-8BAE-929347D1E935}.Debug|Any CPU.Build.0 = Debug|Any CPU
		{3D10166B-A714-D0BC-8BAE-929347D1E935}.Release|Any CPU.ActiveCfg = Release|Any CPU
		{3D10166B-A714-D0BC-8BAE-929347D1E935}.Release|Any CPU.Build.0 = Release|Any CPU
		{6C4A69F0-E43A-5F68-B178-256B4612774A}.Debug|Any CPU.ActiveCfg = Debug|Any CPU
		{6C4A69F0-E43A-5F68-B178-256B4612774A}.Debug|Any CPU.Build.0 = Debug|Any CPU
		{6C4A69F0-E43A-5F68-B178-256B4612774A}.Release|Any CPU.ActiveCfg = Release|Any CPU
		{6C4A69F0-E43A-5F68-B178-256B4612774A}.Release|Any CPU.Build.0 = Release|Any CPU
		{F4462BAF-9ED1-A96B-EEDD-FE1D23B93C2E}.Debug|Any CPU.ActiveCfg = Debug|Any CPU
		{F4462BAF-9ED1-A96B-EEDD-FE1D23B93C2E}.Debug|Any CPU.Build.0 = Debug|Any CPU
		{F4462BAF-9ED1-A96B-EEDD-FE1D23B93C2E}.Release|Any CPU.ActiveCfg = Release|Any CPU
		{F4462BAF-9ED1-A96B-EEDD-FE1D23B93C2E}.Release|Any CPU.Build.0 = Release|Any CPU
		{0EEFB565-3C96-6C50-D1C5-6BE96D87531B}.Debug|Any CPU.ActiveCfg = Debug|Any CPU
		{0EEFB565-3C96-6C50-D1C5-6BE96D87531B}.Debug|Any CPU.Build.0 = Debug|Any CPU
		{0EEFB565-3C96-6C50-D1C5-6BE96D87531B}.Release|Any CPU.ActiveCfg = Release|Any CPU
		{0EEFB565-3C96-6C50-D1C5-6BE96D87531B}.Release|Any CPU.Build.0 = Release|Any CPU
		{300B9943-CEB1-4A8C-A702-E8CE80A354B9}.Debug|Any CPU.ActiveCfg = Debug|Any CPU
		{300B9943-CEB1-4A8C-A702-E8CE80A354B9}.Debug|Any CPU.Build.0 = Debug|Any CPU
		{300B9943-CEB1-4A8C-A702-E8CE80A354B9}.Release|Any CPU.ActiveCfg = Release|Any CPU
		{300B9943-CEB1-4A8C-A702-E8CE80A354B9}.Release|Any CPU.Build.0 = Release|Any CPU
		{847E774F-DF5B-4138-9A52-1D164A9FD801}.Debug|Any CPU.ActiveCfg = Debug|Any CPU
		{847E774F-DF5B-4138-9A52-1D164A9FD801}.Debug|Any CPU.Build.0 = Debug|Any CPU
		{847E774F-DF5B-4138-9A52-1D164A9FD801}.Release|Any CPU.ActiveCfg = Release|Any CPU
		{847E774F-DF5B-4138-9A52-1D164A9FD801}.Release|Any CPU.Build.0 = Release|Any CPU
		{E455C6EB-21BA-4597-A23D-2DBBCAE9C610}.Debug|Any CPU.ActiveCfg = Debug|Any CPU
		{E455C6EB-21BA-4597-A23D-2DBBCAE9C610}.Debug|Any CPU.Build.0 = Debug|Any CPU
		{E455C6EB-21BA-4597-A23D-2DBBCAE9C610}.Release|Any CPU.ActiveCfg = Release|Any CPU
		{E455C6EB-21BA-4597-A23D-2DBBCAE9C610}.Release|Any CPU.Build.0 = Release|Any CPU
		{40987160-DF0B-4342-8AC8-93E0CB1F096A}.Debug|Any CPU.ActiveCfg = Debug|Any CPU
		{40987160-DF0B-4342-8AC8-93E0CB1F096A}.Debug|Any CPU.Build.0 = Debug|Any CPU
		{40987160-DF0B-4342-8AC8-93E0CB1F096A}.Release|Any CPU.ActiveCfg = Release|Any CPU
		{40987160-DF0B-4342-8AC8-93E0CB1F096A}.Release|Any CPU.Build.0 = Release|Any CPU
		{42894D1D-7DFC-4DC9-A5D8-BF4513769E49}.Debug|Any CPU.ActiveCfg = Debug|Any CPU
		{42894D1D-7DFC-4DC9-A5D8-BF4513769E49}.Debug|Any CPU.Build.0 = Debug|Any CPU
		{42894D1D-7DFC-4DC9-A5D8-BF4513769E49}.Release|Any CPU.ActiveCfg = Release|Any CPU
		{42894D1D-7DFC-4DC9-A5D8-BF4513769E49}.Release|Any CPU.Build.0 = Release|Any CPU
		{B12A4237-D7CC-4FAD-85C8-E125ACC22446}.Debug|Any CPU.ActiveCfg = Debug|Any CPU
		{B12A4237-D7CC-4FAD-85C8-E125ACC22446}.Debug|Any CPU.Build.0 = Debug|Any CPU
		{B12A4237-D7CC-4FAD-85C8-E125ACC22446}.Release|Any CPU.ActiveCfg = Release|Any CPU
		{B12A4237-D7CC-4FAD-85C8-E125ACC22446}.Release|Any CPU.Build.0 = Release|Any CPU
		{0D240922-A85E-4178-8162-2291811D10DF}.Debug|Any CPU.ActiveCfg = Debug|Any CPU
		{0D240922-A85E-4178-8162-2291811D10DF}.Debug|Any CPU.Build.0 = Debug|Any CPU
		{0D240922-A85E-4178-8162-2291811D10DF}.Release|Any CPU.ActiveCfg = Release|Any CPU
		{0D240922-A85E-4178-8162-2291811D10DF}.Release|Any CPU.Build.0 = Release|Any CPU
		{761E148E-C856-4EE7-BE87-21A5016E24F3}.Debug|Any CPU.ActiveCfg = Debug|Any CPU
		{761E148E-C856-4EE7-BE87-21A5016E24F3}.Debug|Any CPU.Build.0 = Debug|Any CPU
		{761E148E-C856-4EE7-BE87-21A5016E24F3}.Release|Any CPU.ActiveCfg = Release|Any CPU
		{761E148E-C856-4EE7-BE87-21A5016E24F3}.Release|Any CPU.Build.0 = Release|Any CPU
		{DB5B4D4C-B403-4EAC-8322-52FCF6F810D4}.Debug|Any CPU.ActiveCfg = Debug|Any CPU
		{DB5B4D4C-B403-4EAC-8322-52FCF6F810D4}.Debug|Any CPU.Build.0 = Debug|Any CPU
		{DB5B4D4C-B403-4EAC-8322-52FCF6F810D4}.Release|Any CPU.ActiveCfg = Release|Any CPU
		{DB5B4D4C-B403-4EAC-8322-52FCF6F810D4}.Release|Any CPU.Build.0 = Release|Any CPU
		{180774D0-BD60-4AD3-921C-17E32D7F6D96}.Debug|Any CPU.ActiveCfg = Debug|Any CPU
		{180774D0-BD60-4AD3-921C-17E32D7F6D96}.Debug|Any CPU.Build.0 = Debug|Any CPU
		{180774D0-BD60-4AD3-921C-17E32D7F6D96}.Release|Any CPU.ActiveCfg = Release|Any CPU
		{180774D0-BD60-4AD3-921C-17E32D7F6D96}.Release|Any CPU.Build.0 = Release|Any CPU
		{947740FE-CC2D-438D-A06F-CDDA9D7B0C99}.Debug|Any CPU.ActiveCfg = Debug|Any CPU
		{947740FE-CC2D-438D-A06F-CDDA9D7B0C99}.Debug|Any CPU.Build.0 = Debug|Any CPU
		{947740FE-CC2D-438D-A06F-CDDA9D7B0C99}.Release|Any CPU.ActiveCfg = Release|Any CPU
		{947740FE-CC2D-438D-A06F-CDDA9D7B0C99}.Release|Any CPU.Build.0 = Release|Any CPU
		{A20EF323-25A0-44B3-9EEF-CD626680D483}.Debug|Any CPU.ActiveCfg = Debug|Any CPU
		{A20EF323-25A0-44B3-9EEF-CD626680D483}.Debug|Any CPU.Build.0 = Debug|Any CPU
		{A20EF323-25A0-44B3-9EEF-CD626680D483}.Release|Any CPU.ActiveCfg = Release|Any CPU
		{A20EF323-25A0-44B3-9EEF-CD626680D483}.Release|Any CPU.Build.0 = Release|Any CPU
		{FF2DB647-E220-4874-97DD-0A8E9BECC82D}.Debug|Any CPU.ActiveCfg = Debug|Any CPU
		{FF2DB647-E220-4874-97DD-0A8E9BECC82D}.Debug|Any CPU.Build.0 = Debug|Any CPU
		{FF2DB647-E220-4874-97DD-0A8E9BECC82D}.Release|Any CPU.ActiveCfg = Release|Any CPU
		{FF2DB647-E220-4874-97DD-0A8E9BECC82D}.Release|Any CPU.Build.0 = Release|Any CPU
		{8910A1F5-B171-4FA1-9A88-824466E151FC}.Debug|Any CPU.ActiveCfg = Debug|Any CPU
		{8910A1F5-B171-4FA1-9A88-824466E151FC}.Debug|Any CPU.Build.0 = Debug|Any CPU
		{8910A1F5-B171-4FA1-9A88-824466E151FC}.Release|Any CPU.ActiveCfg = Release|Any CPU
		{8910A1F5-B171-4FA1-9A88-824466E151FC}.Release|Any CPU.Build.0 = Release|Any CPU
		{B6234999-7E9A-4E29-A10A-D79950CCC848}.Debug|Any CPU.ActiveCfg = Debug|Any CPU
		{B6234999-7E9A-4E29-A10A-D79950CCC848}.Debug|Any CPU.Build.0 = Debug|Any CPU
		{B6234999-7E9A-4E29-A10A-D79950CCC848}.Release|Any CPU.ActiveCfg = Release|Any CPU
		{B6234999-7E9A-4E29-A10A-D79950CCC848}.Release|Any CPU.Build.0 = Release|Any CPU
		{153007E4-5ECD-4F84-B2C0-E2CDBCDF1109}.Debug|Any CPU.ActiveCfg = Debug|Any CPU
		{153007E4-5ECD-4F84-B2C0-E2CDBCDF1109}.Debug|Any CPU.Build.0 = Debug|Any CPU
		{153007E4-5ECD-4F84-B2C0-E2CDBCDF1109}.Release|Any CPU.ActiveCfg = Release|Any CPU
		{153007E4-5ECD-4F84-B2C0-E2CDBCDF1109}.Release|Any CPU.Build.0 = Release|Any CPU
		{23BEB4A7-5D4E-4DE3-9610-FEA00EDE0456}.Debug|Any CPU.ActiveCfg = Debug|Any CPU
		{23BEB4A7-5D4E-4DE3-9610-FEA00EDE0456}.Debug|Any CPU.Build.0 = Debug|Any CPU
		{23BEB4A7-5D4E-4DE3-9610-FEA00EDE0456}.Release|Any CPU.ActiveCfg = Release|Any CPU
		{23BEB4A7-5D4E-4DE3-9610-FEA00EDE0456}.Release|Any CPU.Build.0 = Release|Any CPU
		{0E7D321B-867D-4DFF-B1D2-688A826290DF}.Debug|Any CPU.ActiveCfg = Debug|Any CPU
		{0E7D321B-867D-4DFF-B1D2-688A826290DF}.Debug|Any CPU.Build.0 = Debug|Any CPU
		{0E7D321B-867D-4DFF-B1D2-688A826290DF}.Release|Any CPU.ActiveCfg = Release|Any CPU
		{0E7D321B-867D-4DFF-B1D2-688A826290DF}.Release|Any CPU.Build.0 = Release|Any CPU
		{6718B962-C2CB-453B-9072-27AFC62B8D33}.Debug|Any CPU.ActiveCfg = Debug|Any CPU
		{6718B962-C2CB-453B-9072-27AFC62B8D33}.Debug|Any CPU.Build.0 = Debug|Any CPU
		{6718B962-C2CB-453B-9072-27AFC62B8D33}.Release|Any CPU.ActiveCfg = Release|Any CPU
		{6718B962-C2CB-453B-9072-27AFC62B8D33}.Release|Any CPU.Build.0 = Release|Any CPU
		{BC22E948-234D-42B1-9FE0-F021CFD3F208}.Debug|Any CPU.ActiveCfg = Debug|Any CPU
		{BC22E948-234D-42B1-9FE0-F021CFD3F208}.Debug|Any CPU.Build.0 = Debug|Any CPU
		{BC22E948-234D-42B1-9FE0-F021CFD3F208}.Release|Any CPU.ActiveCfg = Release|Any CPU
		{BC22E948-234D-42B1-9FE0-F021CFD3F208}.Release|Any CPU.Build.0 = Release|Any CPU
		{A9A99F9A-1F63-4292-A1AA-8E53C94397FA}.Debug|Any CPU.ActiveCfg = Debug|Any CPU
		{A9A99F9A-1F63-4292-A1AA-8E53C94397FA}.Debug|Any CPU.Build.0 = Debug|Any CPU
		{A9A99F9A-1F63-4292-A1AA-8E53C94397FA}.Release|Any CPU.ActiveCfg = Release|Any CPU
		{A9A99F9A-1F63-4292-A1AA-8E53C94397FA}.Release|Any CPU.Build.0 = Release|Any CPU
		{98A88612-2B08-41F4-96EF-28559EA4FCFC}.Debug|Any CPU.ActiveCfg = Debug|Any CPU
		{98A88612-2B08-41F4-96EF-28559EA4FCFC}.Debug|Any CPU.Build.0 = Debug|Any CPU
		{98A88612-2B08-41F4-96EF-28559EA4FCFC}.Release|Any CPU.ActiveCfg = Release|Any CPU
		{98A88612-2B08-41F4-96EF-28559EA4FCFC}.Release|Any CPU.Build.0 = Release|Any CPU
		{DE847B6B-DD20-4BAD-8D70-36C67D7F5AD7}.Debug|Any CPU.ActiveCfg = Debug|Any CPU
		{DE847B6B-DD20-4BAD-8D70-36C67D7F5AD7}.Debug|Any CPU.Build.0 = Debug|Any CPU
		{DE847B6B-DD20-4BAD-8D70-36C67D7F5AD7}.Release|Any CPU.ActiveCfg = Release|Any CPU
		{DE847B6B-DD20-4BAD-8D70-36C67D7F5AD7}.Release|Any CPU.Build.0 = Release|Any CPU
		{2D8740BE-1167-4ECD-B1E3-4B6A7A687E32}.Debug|Any CPU.ActiveCfg = Debug|Any CPU
		{2D8740BE-1167-4ECD-B1E3-4B6A7A687E32}.Debug|Any CPU.Build.0 = Debug|Any CPU
		{2D8740BE-1167-4ECD-B1E3-4B6A7A687E32}.Release|Any CPU.ActiveCfg = Release|Any CPU
		{2D8740BE-1167-4ECD-B1E3-4B6A7A687E32}.Release|Any CPU.Build.0 = Release|Any CPU
		{30DE7845-3FFD-414D-B3CF-AD26EF6EAE07}.Debug|Any CPU.ActiveCfg = Debug|Any CPU
		{30DE7845-3FFD-414D-B3CF-AD26EF6EAE07}.Debug|Any CPU.Build.0 = Debug|Any CPU
		{30DE7845-3FFD-414D-B3CF-AD26EF6EAE07}.Release|Any CPU.ActiveCfg = Release|Any CPU
		{30DE7845-3FFD-414D-B3CF-AD26EF6EAE07}.Release|Any CPU.Build.0 = Release|Any CPU
		{8B43F11A-4AC0-4611-972D-E39D1E0D0DD3}.Debug|Any CPU.ActiveCfg = Debug|Any CPU
		{8B43F11A-4AC0-4611-972D-E39D1E0D0DD3}.Debug|Any CPU.Build.0 = Debug|Any CPU
		{8B43F11A-4AC0-4611-972D-E39D1E0D0DD3}.Release|Any CPU.ActiveCfg = Release|Any CPU
		{8B43F11A-4AC0-4611-972D-E39D1E0D0DD3}.Release|Any CPU.Build.0 = Release|Any CPU
		{C40A3D6D-90AC-40D1-BA45-49B8E969C4AE}.Debug|Any CPU.ActiveCfg = Debug|Any CPU
		{C40A3D6D-90AC-40D1-BA45-49B8E969C4AE}.Debug|Any CPU.Build.0 = Debug|Any CPU
		{C40A3D6D-90AC-40D1-BA45-49B8E969C4AE}.Release|Any CPU.ActiveCfg = Release|Any CPU
		{C40A3D6D-90AC-40D1-BA45-49B8E969C4AE}.Release|Any CPU.Build.0 = Release|Any CPU
		{A9E1284F-DBFE-4599-8206-6A850764A904}.Debug|Any CPU.ActiveCfg = Debug|Any CPU
		{A9E1284F-DBFE-4599-8206-6A850764A904}.Debug|Any CPU.Build.0 = Debug|Any CPU
		{A9E1284F-DBFE-4599-8206-6A850764A904}.Release|Any CPU.ActiveCfg = Release|Any CPU
		{A9E1284F-DBFE-4599-8206-6A850764A904}.Release|Any CPU.Build.0 = Release|Any CPU
		{9080C12A-33C0-4F82-A369-1FD1C39BFA5C}.Debug|Any CPU.ActiveCfg = Debug|Any CPU
		{9080C12A-33C0-4F82-A369-1FD1C39BFA5C}.Debug|Any CPU.Build.0 = Debug|Any CPU
		{9080C12A-33C0-4F82-A369-1FD1C39BFA5C}.Release|Any CPU.ActiveCfg = Release|Any CPU
		{9080C12A-33C0-4F82-A369-1FD1C39BFA5C}.Release|Any CPU.Build.0 = Release|Any CPU
		{488D0610-EAF9-44B7-96B8-E7BBDF73D541}.Debug|Any CPU.ActiveCfg = Debug|Any CPU
		{488D0610-EAF9-44B7-96B8-E7BBDF73D541}.Debug|Any CPU.Build.0 = Debug|Any CPU
		{488D0610-EAF9-44B7-96B8-E7BBDF73D541}.Release|Any CPU.ActiveCfg = Release|Any CPU
		{488D0610-EAF9-44B7-96B8-E7BBDF73D541}.Release|Any CPU.Build.0 = Release|Any CPU
	EndGlobalSection
	GlobalSection(SolutionProperties) = preSolution
		HideSolutionNode = FALSE
	EndGlobalSection
	GlobalSection(ExtensibilityGlobals) = postSolution
		SolutionGuid = {0DD53D61-0B7B-49BB-B9AC-3D50DC67326C}
	EndGlobalSection
EndGlobal
