
Microsoft Visual Studio Solution File, Format Version 12.00
# Visual Studio Version 17
VisualStudioVersion = 17.14.37203.1
MinimumVisualStudioVersion = 10.0.40219.1
Project("{FAE04EC0-301F-11D3-BF4B-00C04F79EFBC}") = "SQLServerUI", "SQLServerUI\SQLServerUI.csproj", "{2DFFF3AC-2431-4047-9D12-6DC497512AF9}"
EndProject
Project("{FAE04EC0-301F-11D3-BF4B-00C04F79EFBC}") = "DataAccessLibrary", "DataAccessLibrary\DataAccessLibrary.csproj", "{ECD3B0F0-DC27-409A-B97F-AA5F220CEB9B}"
EndProject
Project("{00D1A9C2-B5F0-4AF3-8072-F6C62B433612}") = "SQLContactsDB", "SQLContactsDB\SQLContactsDB.sqlproj", "{C4261959-C51D-43A6-BFE8-143738C93E01}"
EndProject
Global
	GlobalSection(SolutionConfigurationPlatforms) = preSolution
		Debug|Any CPU = Debug|Any CPU
		Release|Any CPU = Release|Any CPU
	EndGlobalSection
	GlobalSection(ProjectConfigurationPlatforms) = postSolution
		{2DFFF3AC-2431-4047-9D12-6DC497512AF9}.Debug|Any CPU.ActiveCfg = Debug|Any CPU
		{2DFFF3AC-2431-4047-9D12-6DC497512AF9}.Debug|Any CPU.Build.0 = Debug|Any CPU
		{2DFFF3AC-2431-4047-9D12-6DC497512AF9}.Release|Any CPU.ActiveCfg = Release|Any CPU
		{2DFFF3AC-2431-4047-9D12-6DC497512AF9}.Release|Any CPU.Build.0 = Release|Any CPU
		{ECD3B0F0-DC27-409A-B97F-AA5F220CEB9B}.Debug|Any CPU.ActiveCfg = Debug|Any CPU
		{ECD3B0F0-DC27-409A-B97F-AA5F220CEB9B}.Debug|Any CPU.Build.0 = Debug|Any CPU
		{ECD3B0F0-DC27-409A-B97F-AA5F220CEB9B}.Release|Any CPU.ActiveCfg = Release|Any CPU
		{ECD3B0F0-DC27-409A-B97F-AA5F220CEB9B}.Release|Any CPU.Build.0 = Release|Any CPU
		{C4261959-C51D-43A6-BFE8-143738C93E01}.Debug|Any CPU.ActiveCfg = Debug|Any CPU
		{C4261959-C51D-43A6-BFE8-143738C93E01}.Debug|Any CPU.Build.0 = Debug|Any CPU
		{C4261959-C51D-43A6-BFE8-143738C93E01}.Debug|Any CPU.Deploy.0 = Debug|Any CPU
		{C4261959-C51D-43A6-BFE8-143738C93E01}.Release|Any CPU.ActiveCfg = Release|Any CPU
		{C4261959-C51D-43A6-BFE8-143738C93E01}.Release|Any CPU.Build.0 = Release|Any CPU
		{C4261959-C51D-43A6-BFE8-143738C93E01}.Release|Any CPU.Deploy.0 = Release|Any CPU
	EndGlobalSection
	GlobalSection(SolutionProperties) = preSolution
		HideSolutionNode = FALSE
	EndGlobalSection
	GlobalSection(ExtensibilityGlobals) = postSolution
		SolutionGuid = {F9F97C72-C902-4AA7-9C73-F29F70B72601}
	EndGlobalSection
EndGlobal
