
Microsoft Visual Studio Solution File, Format Version 12.00
# Visual Studio Version 17
VisualStudioVersion = 17.14.37203.1 d17.14
MinimumVisualStudioVersion = 10.0.40219.1
Project("{FAE04EC0-301F-11D3-BF4B-00C04F79EFBC}") = "01MessageWallAPI", "01MessageWallAPI\01MessageWallAPI.csproj", "{225B55EE-A2BB-42EC-BA13-CF473EC6A7B2}"
EndProject
Project("{FAE04EC0-301F-11D3-BF4B-00C04F79EFBC}") = "02WebAPI_MiniProj", "02WebAPI_MiniProj\02WebAPI_MiniProj.csproj", "{FB632488-EAD2-4D10-B0EB-A9EF0B320B7F}"
EndProject
Global
	GlobalSection(SolutionConfigurationPlatforms) = preSolution
		Debug|Any CPU = Debug|Any CPU
		Release|Any CPU = Release|Any CPU
	EndGlobalSection
	GlobalSection(ProjectConfigurationPlatforms) = postSolution
		{225B55EE-A2BB-42EC-BA13-CF473EC6A7B2}.Debug|Any CPU.ActiveCfg = Debug|Any CPU
		{225B55EE-A2BB-42EC-BA13-CF473EC6A7B2}.Debug|Any CPU.Build.0 = Debug|Any CPU
		{225B55EE-A2BB-42EC-BA13-CF473EC6A7B2}.Release|Any CPU.ActiveCfg = Release|Any CPU
		{225B55EE-A2BB-42EC-BA13-CF473EC6A7B2}.Release|Any CPU.Build.0 = Release|Any CPU
		{FB632488-EAD2-4D10-B0EB-A9EF0B320B7F}.Debug|Any CPU.ActiveCfg = Debug|Any CPU
		{FB632488-EAD2-4D10-B0EB-A9EF0B320B7F}.Debug|Any CPU.Build.0 = Debug|Any CPU
		{FB632488-EAD2-4D10-B0EB-A9EF0B320B7F}.Release|Any CPU.ActiveCfg = Release|Any CPU
		{FB632488-EAD2-4D10-B0EB-A9EF0B320B7F}.Release|Any CPU.Build.0 = Release|Any CPU
	EndGlobalSection
	GlobalSection(SolutionProperties) = preSolution
		HideSolutionNode = FALSE
	EndGlobalSection
	GlobalSection(ExtensibilityGlobals) = postSolution
		SolutionGuid = {09824FFE-D67D-46B8-A91F-04D0197B369E}
	EndGlobalSection
EndGlobal
